// !$*UTF8*$!
{
	archiveVersion = 1;
	classes = {
	};
	objectVersion = 45;
	objects = {

/* Begin PBXBuildFile section */
		1DDD58160DA1D0A300B32029 /* MainMenu.xib in Resources */ = {isa = PBXBuildFile; fileRef = 1DDD58140DA1D0A300B32029 /* MainMenu.xib */; };
		256AC3DA0F4B6AC300CF3369 /* DiskArbitratorAppController.m in Sources */ = {isa = PBXBuildFile; fileRef = 256AC3D90F4B6AC300CF3369 /* DiskArbitratorAppController.m */; };
		8D11072B0486CEB800E47090 /* InfoPlist.strings in Resources */ = {isa = PBXBuildFile; fileRef = 089C165CFE840E0CC02AAC07 /* InfoPlist.strings */; };
		8D11072D0486CEB800E47090 /* main.m in Sources */ = {isa = PBXBuildFile; fileRef = 29B97316FDCFA39411CA2CEA /* main.m */; settings = {ATTRIBUTES = (); }; };
		8D11072F0486CEB800E47090 /* Cocoa.framework in Frameworks */ = {isa = PBXBuildFile; fileRef = 1058C7A1FEA54F0111CA2CBB /* Cocoa.framework */; };
		964E4D8C10F9E3C3007B3112 /* DiskArbitration.framework in Frameworks */ = {isa = PBXBuildFile; fileRef = 964E4D8B10F9E3C3007B3112 /* DiskArbitration.framework */; };
		964E4DCB10F9E874007B3112 /* Arbitrator.m in Sources */ = {isa = PBXBuildFile; fileRef = 964E4DCA10F9E874007B3112 /* Arbitrator.m */; };
		964E4DEE10F9F4BD007B3112 /* Disk.m in Sources */ = {isa = PBXBuildFile; fileRef = 964E4DED10F9F4BD007B3112 /* Disk.m */; };
		964E4EF210FA8058007B3112 /* IOKit.framework in Frameworks */ = {isa = PBXBuildFile; fileRef = 964E4EF110FA8058007B3112 /* IOKit.framework */; };
		964E4F0210FAB2BE007B3112 /* Launchd Agent.plist in Resources */ = {isa = PBXBuildFile; fileRef = 964E4F0110FAB2BE007B3112 /* Launchd Agent.plist */; };
		9654A174110B178D00E9B0C4 /* DiskCell.m in Sources */ = {isa = PBXBuildFile; fileRef = 9654A173110B178D00E9B0C4 /* DiskCell.m */; };
		9654A1E0110C761B00E9B0C4 /* StatusItem Disabled 1.png in Resources */ = {isa = PBXBuildFile; fileRef = 9654A1DC110C761B00E9B0C4 /* StatusItem Disabled 1.png */; };
		9654A1E1110C761B00E9B0C4 /* StatusItem Disabled 2.png in Resources */ = {isa = PBXBuildFile; fileRef = 9654A1DD110C761B00E9B0C4 /* StatusItem Disabled 2.png */; };
		9654A1E2110C761B00E9B0C4 /* StatusItem Green.png in Resources */ = {isa = PBXBuildFile; fileRef = 9654A1DE110C761B00E9B0C4 /* StatusItem Green.png */; };
		9654A1E3110C761B00E9B0C4 /* StatusItem Orange.png in Resources */ = {isa = PBXBuildFile; fileRef = 9654A1DF110C761B00E9B0C4 /* StatusItem Orange.png */; };
		9654A20B110CB55B00E9B0C4 /* AppError.m in Sources */ = {isa = PBXBuildFile; fileRef = 9654A20A110CB55B00E9B0C4 /* AppError.m */; };
		9654A46D11119FB600E9B0C4 /* DiskArbitrationPrivateFunctions.m in Sources */ = {isa = PBXBuildFile; fileRef = 9654A46C11119FB600E9B0C4 /* DiskArbitrationPrivateFunctions.m */; };
/* End PBXBuildFile section */

/* Begin PBXFileReference section */
		089C165DFE840E0CC02AAC07 /* English */ = {isa = PBXFileReference; fileEncoding = 4; lastKnownFileType = text.plist.strings; name = English; path = English.lproj/InfoPlist.strings; sourceTree = "<group>"; };
		1058C7A1FEA54F0111CA2CBB /* Cocoa.framework */ = {isa = PBXFileReference; lastKnownFileType = wrapper.framework; name = Cocoa.framework; path = /System/Library/Frameworks/Cocoa.framework; sourceTree = "<absolute>"; };
		13E42FB307B3F0F600E4EEF1 /* CoreData.framework */ = {isa = PBXFileReference; lastKnownFileType = wrapper.framework; name = CoreData.framework; path = /System/Library/Frameworks/CoreData.framework; sourceTree = "<absolute>"; };
		1DDD58150DA1D0A300B32029 /* English */ = {isa = PBXFileReference; lastKnownFileType = file.xib; name = English; path = English.lproj/MainMenu.xib; sourceTree = "<group>"; };
		256AC3D80F4B6AC300CF3369 /* DiskArbitratorAppController.h */ = {isa = PBXFileReference; fileEncoding = 4; lastKnownFileType = sourcecode.c.h; path = DiskArbitratorAppController.h; sourceTree = "<group>"; };
		256AC3D90F4B6AC300CF3369 /* DiskArbitratorAppController.m */ = {isa = PBXFileReference; fileEncoding = 4; lastKnownFileType = sourcecode.c.objc; path = DiskArbitratorAppController.m; sourceTree = "<group>"; };
		256AC3F00F4B6AF500CF3369 /* DiskArbitrator_Prefix.pch */ = {isa = PBXFileReference; fileEncoding = 4; lastKnownFileType = sourcecode.c.h; path = DiskArbitrator_Prefix.pch; sourceTree = "<group>"; };
		29B97316FDCFA39411CA2CEA /* main.m */ = {isa = PBXFileReference; fileEncoding = 4; lastKnownFileType = sourcecode.c.objc; path = main.m; sourceTree = "<group>"; };
		29B97324FDCFA39411CA2CEA /* AppKit.framework */ = {isa = PBXFileReference; lastKnownFileType = wrapper.framework; name = AppKit.framework; path = /System/Library/Frameworks/AppKit.framework; sourceTree = "<absolute>"; };
		29B97325FDCFA39411CA2CEA /* Foundation.framework */ = {isa = PBXFileReference; lastKnownFileType = wrapper.framework; name = Foundation.framework; path = /System/Library/Frameworks/Foundation.framework; sourceTree = "<absolute>"; };
		8D1107310486CEB800E47090 /* DiskArbitrator-Info.plist */ = {isa = PBXFileReference; fileEncoding = 4; lastKnownFileType = text.plist.xml; name = "DiskArbitrator-Info.plist"; path = "Resources/DiskArbitrator-Info.plist"; sourceTree = "<group>"; };
		8D1107320486CEB800E47090 /* DiskArbitrator.app */ = {isa = PBXFileReference; explicitFileType = wrapper.application; includeInIndex = 0; path = DiskArbitrator.app; sourceTree = BUILT_PRODUCTS_DIR; };
		964E4D8B10F9E3C3007B3112 /* DiskArbitration.framework */ = {isa = PBXFileReference; lastKnownFileType = wrapper.framework; name = DiskArbitration.framework; path = System/Library/Frameworks/DiskArbitration.framework; sourceTree = SDKROOT; };
		964E4DC910F9E874007B3112 /* Arbitrator.h */ = {isa = PBXFileReference; fileEncoding = 4; lastKnownFileType = sourcecode.c.h; path = Arbitrator.h; sourceTree = "<group>"; };
		964E4DCA10F9E874007B3112 /* Arbitrator.m */ = {isa = PBXFileReference; fileEncoding = 4; lastKnownFileType = sourcecode.c.objc; path = Arbitrator.m; sourceTree = "<group>"; };
		964E4DEC10F9F4BD007B3112 /* Disk.h */ = {isa = PBXFileReference; fileEncoding = 4; lastKnownFileType = sourcecode.c.h; path = Disk.h; sourceTree = "<group>"; };
		964E4DED10F9F4BD007B3112 /* Disk.m */ = {isa = PBXFileReference; fileEncoding = 4; lastKnownFileType = sourcecode.c.objc; path = Disk.m; sourceTree = "<group>"; };
		964E4EF110FA8058007B3112 /* IOKit.framework */ = {isa = PBXFileReference; lastKnownFileType = wrapper.framework; name = IOKit.framework; path = System/Library/Frameworks/IOKit.framework; sourceTree = SDKROOT; };
		964E4F0110FAB2BE007B3112 /* Launchd Agent.plist */ = {isa = PBXFileReference; fileEncoding = 4; lastKnownFileType = text.plist.xml; name = "Launchd Agent.plist"; path = "Resources/Launchd Agent.plist"; sourceTree = "<group>"; };
		9654A172110B178D00E9B0C4 /* DiskCell.h */ = {isa = PBXFileReference; fileEncoding = 4; lastKnownFileType = sourcecode.c.h; path = DiskCell.h; sourceTree = "<group>"; };
		9654A173110B178D00E9B0C4 /* DiskCell.m */ = {isa = PBXFileReference; fileEncoding = 4; lastKnownFileType = sourcecode.c.objc; path = DiskCell.m; sourceTree = "<group>"; };
		9654A1DC110C761B00E9B0C4 /* StatusItem Disabled 1.png */ = {isa = PBXFileReference; lastKnownFileType = image.png; name = "StatusItem Disabled 1.png"; path = "Resources/StatusItem Disabled 1.png"; sourceTree = "<group>"; };
		9654A1DD110C761B00E9B0C4 /* StatusItem Disabled 2.png */ = {isa = PBXFileReference; lastKnownFileType = image.png; name = "StatusItem Disabled 2.png"; path = "Resources/StatusItem Disabled 2.png"; sourceTree = "<group>"; };
		9654A1DE110C761B00E9B0C4 /* StatusItem Green.png */ = {isa = PBXFileReference; lastKnownFileType = image.png; name = "StatusItem Green.png"; path = "Resources/StatusItem Green.png"; sourceTree = "<group>"; };
		9654A1DF110C761B00E9B0C4 /* StatusItem Orange.png */ = {isa = PBXFileReference; lastKnownFileType = image.png; name = "StatusItem Orange.png"; path = "Resources/StatusItem Orange.png"; sourceTree = "<group>"; };
		9654A209110C8D4100E9B0C4 /* AppError.h */ = {isa = PBXFileReference; fileEncoding = 4; lastKnownFileType = sourcecode.c.h; path = AppError.h; sourceTree = "<group>"; };
		9654A20A110CB55B00E9B0C4 /* AppError.m */ = {isa = PBXFileReference; fileEncoding = 4; lastKnownFileType = sourcecode.c.objc; path = AppError.m; sourceTree = "<group>"; };
		9654A46B11119FB600E9B0C4 /* DiskArbitrationPrivateFunctions.h */ = {isa = PBXFileReference; fileEncoding = 4; lastKnownFileType = sourcecode.c.h; path = DiskArbitrationPrivateFunctions.h; sourceTree = "<group>"; };
		9654A46C11119FB600E9B0C4 /* DiskArbitrationPrivateFunctions.m */ = {isa = PBXFileReference; fileEncoding = 4; lastKnownFileType = sourcecode.c.objc; path = DiskArbitrationPrivateFunctions.m; sourceTree = "<group>"; };
/* End PBXFileReference section */

/* Begin PBXFrameworksBuildPhase section */
		8D11072E0486CEB800E47090 /* Frameworks */ = {
			isa = PBXFrameworksBuildPhase;
			buildActionMask = 2147483647;
			files = (
				8D11072F0486CEB800E47090 /* Cocoa.framework in Frameworks */,
				964E4D8C10F9E3C3007B3112 /* DiskArbitration.framework in Frameworks */,
				964E4EF210FA8058007B3112 /* IOKit.framework in Frameworks */,
			);
			runOnlyForDeploymentPostprocessing = 0;
		};
/* End PBXFrameworksBuildPhase section */

/* Begin PBXGroup section */
		080E96DDFE201D6D7F000001 /* Classes */ = {
			isa = PBXGroup;
			children = (
				256AC3D80F4B6AC300CF3369 /* DiskArbitratorAppController.h */,
				256AC3D90F4B6AC300CF3369 /* DiskArbitratorAppController.m */,
				964E4DC910F9E874007B3112 /* Arbitrator.h */,
				964E4DCA10F9E874007B3112 /* Arbitrator.m */,
				964E4DEC10F9F4BD007B3112 /* Disk.h */,
				964E4DED10F9F4BD007B3112 /* Disk.m */,
				9654A172110B178D00E9B0C4 /* DiskCell.h */,
				9654A173110B178D00E9B0C4 /* DiskCell.m */,
				9654A46B11119FB600E9B0C4 /* DiskArbitrationPrivateFunctions.h */,
				9654A46C11119FB600E9B0C4 /* DiskArbitrationPrivateFunctions.m */,
			);
			name = Classes;
			path = Source;
			sourceTree = "<group>";
		};
		1058C7A0FEA54F0111CA2CBB /* Linked Frameworks */ = {
			isa = PBXGroup;
			children = (
				964E4D8B10F9E3C3007B3112 /* DiskArbitration.framework */,
				1058C7A1FEA54F0111CA2CBB /* Cocoa.framework */,
			);
			name = "Linked Frameworks";
			sourceTree = "<group>";
		};
		1058C7A2FEA54F0111CA2CBB /* Other Frameworks */ = {
			isa = PBXGroup;
			children = (
				29B97324FDCFA39411CA2CEA /* AppKit.framework */,
				13E42FB307B3F0F600E4EEF1 /* CoreData.framework */,
				29B97325FDCFA39411CA2CEA /* Foundation.framework */,
			);
			name = "Other Frameworks";
			sourceTree = "<group>";
		};
		19C28FACFE9D520D11CA2CBB /* Products */ = {
			isa = PBXGroup;
			children = (
				8D1107320486CEB800E47090 /* DiskArbitrator.app */,
			);
			name = Products;
			sourceTree = "<group>";
		};
		29B97314FDCFA39411CA2CEA /* DiskArbitrator */ = {
			isa = PBXGroup;
			children = (
				080E96DDFE201D6D7F000001 /* Classes */,
				29B97315FDCFA39411CA2CEA /* Other Sources */,
				29B97317FDCFA39411CA2CEA /* Resources */,
				29B97323FDCFA39411CA2CEA /* Frameworks */,
				19C28FACFE9D520D11CA2CBB /* Products */,
				964E4EF110FA8058007B3112 /* IOKit.framework */,
			);
			name = DiskArbitrator;
			sourceTree = "<group>";
		};
		29B97315FDCFA39411CA2CEA /* Other Sources */ = {
			isa = PBXGroup;
			children = (
				256AC3F00F4B6AF500CF3369 /* DiskArbitrator_Prefix.pch */,
				29B97316FDCFA39411CA2CEA /* main.m */,
				9654A209110C8D4100E9B0C4 /* AppError.h */,
				9654A20A110CB55B00E9B0C4 /* AppError.m */,
			);
			name = "Other Sources";
			path = Source;
			sourceTree = "<group>";
		};
		29B97317FDCFA39411CA2CEA /* Resources */ = {
			isa = PBXGroup;
			children = (
				9654A1D8110C760300E9B0C4 /* Images */,
				8D1107310486CEB800E47090 /* DiskArbitrator-Info.plist */,
				089C165CFE840E0CC02AAC07 /* InfoPlist.strings */,
				1DDD58140DA1D0A300B32029 /* MainMenu.xib */,
				964E4F0110FAB2BE007B3112 /* Launchd Agent.plist */,
			);
			name = Resources;
			sourceTree = "<group>";
		};
		29B97323FDCFA39411CA2CEA /* Frameworks */ = {
			isa = PBXGroup;
			children = (
				1058C7A0FEA54F0111CA2CBB /* Linked Frameworks */,
				1058C7A2FEA54F0111CA2CBB /* Other Frameworks */,
			);
			name = Frameworks;
			sourceTree = "<group>";
		};
		9654A1D8110C760300E9B0C4 /* Images */ = {
			isa = PBXGroup;
			children = (
				9654A1DC110C761B00E9B0C4 /* StatusItem Disabled 1.png */,
				9654A1DD110C761B00E9B0C4 /* StatusItem Disabled 2.png */,
				9654A1DE110C761B00E9B0C4 /* StatusItem Green.png */,
				9654A1DF110C761B00E9B0C4 /* StatusItem Orange.png */,
			);
			name = Images;
			sourceTree = "<group>";
		};
/* End PBXGroup section */

/* Begin PBXNativeTarget section */
		8D1107260486CEB800E47090 /* DiskArbitrator */ = {
			isa = PBXNativeTarget;
			buildConfigurationList = C01FCF4A08A954540054247B /* Build configuration list for PBXNativeTarget "DiskArbitrator" */;
			buildPhases = (
				8D1107290486CEB800E47090 /* Resources */,
				8D11072C0486CEB800E47090 /* Sources */,
				8D11072E0486CEB800E47090 /* Frameworks */,
			);
			buildRules = (
			);
			dependencies = (
			);
			name = DiskArbitrator;
			productInstallPath = "$(HOME)/Applications";
			productName = DiskArbitrator;
			productReference = 8D1107320486CEB800E47090 /* DiskArbitrator.app */;
			productType = "com.apple.product-type.application";
		};
/* End PBXNativeTarget section */

/* Begin PBXProject section */
		29B97313FDCFA39411CA2CEA /* Project object */ = {
			isa = PBXProject;
			buildConfigurationList = C01FCF4E08A954540054247B /* Build configuration list for PBXProject "DiskArbitrator" */;
			compatibilityVersion = "Xcode 3.1";
			hasScannedForEncodings = 1;
			mainGroup = 29B97314FDCFA39411CA2CEA /* DiskArbitrator */;
			projectDirPath = "";
			projectRoot = "";
			targets = (
				8D1107260486CEB800E47090 /* DiskArbitrator */,
			);
		};
/* End PBXProject section */

/* Begin PBXResourcesBuildPhase section */
		8D1107290486CEB800E47090 /* Resources */ = {
			isa = PBXResourcesBuildPhase;
			buildActionMask = 2147483647;
			files = (
				8D11072B0486CEB800E47090 /* InfoPlist.strings in Resources */,
				1DDD58160DA1D0A300B32029 /* MainMenu.xib in Resources */,
				964E4F0210FAB2BE007B3112 /* Launchd Agent.plist in Resources */,
				9654A1E0110C761B00E9B0C4 /* StatusItem Disabled 1.png in Resources */,
				9654A1E1110C761B00E9B0C4 /* StatusItem Disabled 2.png in Resources */,
				9654A1E2110C761B00E9B0C4 /* StatusItem Green.png in Resources */,
				9654A1E3110C761B00E9B0C4 /* StatusItem Orange.png in Resources */,
			);
			runOnlyForDeploymentPostprocessing = 0;
		};
/* End PBXResourcesBuildPhase section */

/* Begin PBXSourcesBuildPhase section */
		8D11072C0486CEB800E47090 /* Sources */ = {
			isa = PBXSourcesBuildPhase;
			buildActionMask = 2147483647;
			files = (
				8D11072D0486CEB800E47090 /* main.m in Sources */,
				256AC3DA0F4B6AC300CF3369 /* DiskArbitratorAppController.m in Sources */,
				964E4DCB10F9E874007B3112 /* Arbitrator.m in Sources */,
				964E4DEE10F9F4BD007B3112 /* Disk.m in Sources */,
				9654A174110B178D00E9B0C4 /* DiskCell.m in Sources */,
				9654A20B110CB55B00E9B0C4 /* AppError.m in Sources */,
				9654A46D11119FB600E9B0C4 /* DiskArbitrationPrivateFunctions.m in Sources */,
			);
			runOnlyForDeploymentPostprocessing = 0;
		};
/* End PBXSourcesBuildPhase section */

/* Begin PBXVariantGroup section */
		089C165CFE840E0CC02AAC07 /* InfoPlist.strings */ = {
			isa = PBXVariantGroup;
			children = (
				089C165DFE840E0CC02AAC07 /* English */,
			);
			name = InfoPlist.strings;
			sourceTree = "<group>";
		};
		1DDD58140DA1D0A300B32029 /* MainMenu.xib */ = {
			isa = PBXVariantGroup;
			children = (
				1DDD58150DA1D0A300B32029 /* English */,
			);
			name = MainMenu.xib;
			sourceTree = "<group>";
		};
/* End PBXVariantGroup section */

/* Begin XCBuildConfiguration section */
		C01FCF4B08A954540054247B /* Debug */ = {
			isa = XCBuildConfiguration;
			buildSettings = {
				ALWAYS_SEARCH_USER_PATHS = NO;
				COPY_PHASE_STRIP = NO;
				GCC_DYNAMIC_NO_PIC = NO;
				GCC_ENABLE_FIX_AND_CONTINUE = YES;
				GCC_MODEL_TUNING = G5;
				GCC_OPTIMIZATION_LEVEL = 0;
				GCC_PRECOMPILE_PREFIX_HEADER = YES;
				GCC_PREFIX_HEADER = Source/DiskArbitrator_Prefix.pch;
				INFOPLIST_FILE = "Resources/DiskArbitrator-Info.plist";
				INSTALL_PATH = "$(HOME)/Applications";
				PRODUCT_NAME = DiskArbitrator;
			};
			name = Debug;
		};
		C01FCF4C08A954540054247B /* Release */ = {
			isa = XCBuildConfiguration;
			buildSettings = {
				ALWAYS_SEARCH_USER_PATHS = NO;
				DEBUG_INFORMATION_FORMAT = "dwarf-with-dsym";
				GCC_MODEL_TUNING = G5;
				GCC_PRECOMPILE_PREFIX_HEADER = YES;
				GCC_PREFIX_HEADER = Source/DiskArbitrator_Prefix.pch;
				INFOPLIST_FILE = "Resources/DiskArbitrator-Info.plist";
				INSTALL_PATH = "$(HOME)/Applications";
				PRODUCT_NAME = DiskArbitrator;
			};
			name = Release;
		};
		C01FCF4F08A954540054247B /* Debug */ = {
			isa = XCBuildConfiguration;
			buildSettings = {
				ARCHS = "$(ARCHS_STANDARD_32_64_BIT)";
				GCC_C_LANGUAGE_STANDARD = gnu99;
				GCC_OPTIMIZATION_LEVEL = 0;
				GCC_WARN_ABOUT_RETURN_TYPE = YES;
				GCC_WARN_UNUSED_VARIABLE = YES;
				ONLY_ACTIVE_ARCH = YES;
				PREBINDING = NO;
				SDKROOT = macosx10.6;
			};
			name = Debug;
		};
		C01FCF5008A954540054247B /* Release */ = {
			isa = XCBuildConfiguration;
			buildSettings = {
				ARCHS = "$(ARCHS_STANDARD_32_64_BIT)";
				GCC_C_LANGUAGE_STANDARD = gnu99;
				GCC_WARN_ABOUT_RETURN_TYPE = YES;
				GCC_WARN_UNUSED_VARIABLE = YES;
				PREBINDING = NO;
				SDKROOT = macosx10.6;
			};
			name = Release;
		};
/* End XCBuildConfiguration section */

/* Begin XCConfigurationList section */
		C01FCF4A08A954540054247B /* Build configuration list for PBXNativeTarget "DiskArbitrator" */ = {
			isa = XCConfigurationList;
			buildConfigurations = (
				C01FCF4B08A954540054247B /* Debug */,
				C01FCF4C08A954540054247B /* Release */,
			);
			defaultConfigurationIsVisible = 0;
			defaultConfigurationName = Release;
		};
		C01FCF4E08A954540054247B /* Build configuration list for PBXProject "DiskArbitrator" */ = {
			isa = XCConfigurationList;
			buildConfigurations = (
				C01FCF4F08A954540054247B /* Debug */,
				C01FCF5008A954540054247B /* Release */,
			);
			defaultConfigurationIsVisible = 0;
			defaultConfigurationName = Release;
		};
/* End XCConfigurationList section */
	};
	rootObject = 29B97313FDCFA39411CA2CEA /* Project object */;
}
